<Project xmlns="http://schemas.microsoft.com/developer/msbuild/2003">
    <PropertyGroup>
        <ProjectGuid>{8E6C4A5B-A634-4B84-BF77-C70BA2B55C62}</ProjectGuid>
        <MainSource>gsec.dpr</MainSource>
        <Config Condition="'$(Config)'==''">Release</Config>
        <DCC_DCCCompiler>DCC32</DCC_DCCCompiler>
        <ProjectVersion>16.0</ProjectVersion>
        <FrameworkType>VCL</FrameworkType>
        <Base>True</Base>
        <Platform Condition="'$(Platform)'==''">Win32</Platform>
        <TargetedPlatforms>3</TargetedPlatforms>
        <AppType>Application</AppType>
    </PropertyGroup>
    <PropertyGroup Condition="'$(Config)'=='Base' or '$(Base)'!=''">
        <Base>true</Base>
    </PropertyGroup>
    <PropertyGroup Condition="('$(Platform)'=='Win32' and '$(Base)'=='true') or '$(Base_Win32)'!=''">
        <Base_Win32>true</Base_Win32>
        <CfgParent>Base</CfgParent>
        <Base>true</Base>
    </PropertyGroup>
    <PropertyGroup Condition="('$(Platform)'=='Win64' and '$(Base)'=='true') or '$(Base_Win64)'!=''">
        <Base_Win64>true</Base_Win64>
        <CfgParent>Base</CfgParent>
        <Base>true</Base>
    </PropertyGroup>
    <PropertyGroup Condition="'$(Config)'=='Release' or '$(Cfg_1)'!=''">
        <Cfg_1>true</Cfg_1>
        <CfgParent>Base</CfgParent>
        <Base>true</Base>
    </PropertyGroup>
    <PropertyGroup Condition="('$(Platform)'=='Win32' and '$(Cfg_1)'=='true') or '$(Cfg_1_Win32)'!=''">
        <Cfg_1_Win32>true</Cfg_1_Win32>
        <CfgParent>Cfg_1</CfgParent>
        <Cfg_1>true</Cfg_1>
        <Base>true</Base>
    </PropertyGroup>
    <PropertyGroup Condition="'$(Config)'=='Debug' or '$(Cfg_2)'!=''">
        <Cfg_2>true</Cfg_2>
        <CfgParent>Base</CfgParent>
        <Base>true</Base>
    </PropertyGroup>
    <PropertyGroup Condition="('$(Platform)'=='Win32' and '$(Cfg_2)'=='true') or '$(Cfg_2_Win32)'!=''">
        <Cfg_2_Win32>true</Cfg_2_Win32>
        <CfgParent>Cfg_2</CfgParent>
        <Cfg_2>true</Cfg_2>
        <Base>true</Base>
    </PropertyGroup>
    <PropertyGroup Condition="('$(Platform)'=='Win64' and '$(Cfg_2)'=='true') or '$(Cfg_2_Win64)'!=''">
        <Cfg_2_Win64>true</Cfg_2_Win64>
        <CfgParent>Cfg_2</CfgParent>
        <Cfg_2>true</Cfg_2>
        <Base>true</Base>
    </PropertyGroup>
    <PropertyGroup Condition="'$(Base)'!=''">
        <DCC_UsePackage>vcl;vclx;dbrtl;rtl;vcldb;dbxcds;xmlrtl;vclactnband;VclSmp;dsnap;cosmos;seccon;cmlib;dockedform;frames;interfaces;cmdialogs;shellib;logwrt;cmpersist;dlgMessage;wmanager;vclribbon;cmgui;corelib;secmod;$(DCC_UsePackage)</DCC_UsePackage>
        <SanitizedProjectName>gsec</SanitizedProjectName>
        <DCC_DcuOutput>$(COSMOSAPPSOURCE)\DCU\Clients\$(Platform)\$(Config)</DCC_DcuOutput>
        <DCC_ExeOutput>$(COSMOSAPPSOURCE)\Bin\$(Platform)\$(Config)</DCC_ExeOutput>
        <VerInfo_AutoGenVersion>true</VerInfo_AutoGenVersion>
        <VerInfo_Build>1435</VerInfo_Build>
        <VerInfo_Keys>CompanyName=Escola Internacional da Rosacruz Áurea;FileDescription=Cosmos Gestor de Secretarias;FileVersion=1.6.0.1435;InternalName=gsec;LegalCopyright=Escola Internacional da Rosacruz Áurea;LegalTrademarks=Escola Internacional da Rosacruz Áurea;OriginalFilename=gsec.exe;ProductName=Cosmos Gestor de Secretarias;ProductVersion=1.0.0.0;Comments=Este aplicativo visa gerir as atividades das secretarias dos campos de trabalho da Escola Internacional da Rosacruz Áurea.;SuiteName=Cosmos</VerInfo_Keys>
        <DCC_Namespace>Vcl;Vcl.Imaging;Vcl.Touch;Vcl.Samples;Vcl.Shell;System;Xml;Data;Datasnap;Web;Soap;Winapi;Datasnap.Win;$(DCC_Namespace)</DCC_Namespace>
        <VerInfo_MinorVer>6</VerInfo_MinorVer>
        <VerInfo_IncludeVerInfo>true</VerInfo_IncludeVerInfo>
        <VerInfo_Locale>1046</VerInfo_Locale>
        <DCC_ImageBase>00400000</DCC_ImageBase>
        <DCC_DependencyCheckOutputName>..\..\..\..\Bin\gsec.exe</DCC_DependencyCheckOutputName>
        <DCC_Description>Cosmos Gestor de Secretarias</DCC_Description>
        <DCC_Platform>x86</DCC_Platform>
        <DCC_K>false</DCC_K>
        <DCC_F>false</DCC_F>
        <DCC_S>false</DCC_S>
        <DCC_N>true</DCC_N>
        <DCC_MapFile>3</DCC_MapFile>
        <DCC_E>false</DCC_E>
        <DCC_SymbolReferenceInfo>1</DCC_SymbolReferenceInfo>
    </PropertyGroup>
    <PropertyGroup Condition="'$(Base_Win32)'!=''">
        <Manifest_File>None</Manifest_File>
        <VerInfo_Release>1</VerInfo_Release>
        <VerInfo_AutoGenVersion>false</VerInfo_AutoGenVersion>
        <UsePackages>true</UsePackages>
        <VerInfo_Build>1510</VerInfo_Build>
        <Icon_MainIcon>gsec_Icon4.ico</Icon_MainIcon>
        <VerInfo_MinorVer>5</VerInfo_MinorVer>
        <VerInfo_MajorVer>3</VerInfo_MajorVer>
        <VerInfo_Locale>1033</VerInfo_Locale>
        <VerInfo_Keys>CompanyName=Escola Internacional da Rosacruz Áurea;FileDescription=Cosmos Gestor de Secretarias - módulo cliente.;FileVersion=3.5.1.1510;InternalName=gsec.exe;LegalCopyright=Escola Internacional da Rosacruz Áurea;LegalTrademarks=Escola Internacional da Rosacruz Áurea;OriginalFilename=gsec.exe;ProductName=Cosmos Gestor de Secretarias;ProductVersion=3.5;Comments=O Cosmos Gestor de Secretarias é utilizado pelas secretarias do Lectorium Roscrucianum, Trabalho da Mocidade, Trabalho Público e Escola Interna dos diversos núcleos e centros da Escola Internacional da Rosacruz Áurea.;CopyrightNote=Todos os direitos reservados para a Escola Internacional da Rosacruz Áurea. O uso não autorizado deste aplicativo é proibido.</VerInfo_Keys>
    </PropertyGroup>
    <PropertyGroup Condition="'$(Base_Win64)'!=''">
        <Manifest_File>None</Manifest_File>
        <VerInfo_Release>1</VerInfo_Release>
        <VerInfo_AutoGenVersion>false</VerInfo_AutoGenVersion>
        <UsePackages>true</UsePackages>
        <VerInfo_Build>1510</VerInfo_Build>
        <Icon_MainIcon>gsec_Icon4.ico</Icon_MainIcon>
        <VerInfo_MinorVer>5</VerInfo_MinorVer>
        <VerInfo_MajorVer>3</VerInfo_MajorVer>
        <VerInfo_Locale>1033</VerInfo_Locale>
        <VerInfo_Keys>CompanyName=Escola Internacional da Rosacruz Áurea;FileDescription=Cosmos Gestor de Secretarias - módulo cliente.;FileVersion=3.5.1.1510;InternalName=gsec.exe;LegalCopyright=Escola Internacional da Rosacruz Áurea;LegalTrademarks=Escola Internacional da Rosacruz Áurea;OriginalFilename=gsec.exe;ProductName=Cosmos Gestor de Secretarias;ProductVersion=3.5;Comments=O Cosmos Gestor de Secretarias é utilizado pelas secretarias do Lectorium Roscrucianum, Trabalho da Mocidade, Trabalho Público e Escola Interna dos diversos núcleos e centros da Escola Internacional da Rosacruz Áurea.;CopyrightNote=Todos os direitos reservados para a Escola Internacional da Rosacruz Áurea. O uso não autorizado deste aplicativo é proibido.</VerInfo_Keys>
    </PropertyGroup>
    <PropertyGroup Condition="'$(Cfg_1)'!=''">
        <DCC_LocalDebugSymbols>false</DCC_LocalDebugSymbols>
        <DCC_Define>RELEASE;$(DCC_Define)</DCC_Define>
        <DCC_SymbolReferenceInfo>0</DCC_SymbolReferenceInfo>
        <DCC_DebugInformation>0</DCC_DebugInformation>
    </PropertyGroup>
    <PropertyGroup Condition="'$(Cfg_1_Win32)'!=''">
        <VerInfo_AutoGenVersion>false</VerInfo_AutoGenVersion>
        <VerInfo_MinorVer>5</VerInfo_MinorVer>
        <VerInfo_MajorVer>3</VerInfo_MajorVer>
        <VerInfo_Release>1</VerInfo_Release>
        <VerInfo_Build>100</VerInfo_Build>
        <UsePackages>true</UsePackages>
        <VerInfo_Keys>CompanyName=Escola Internacional da Rosacruz Áurea;FileDescription=Cosmos Gestor de Secretarias;FileVersion=3.5.1.100;InternalName=gsec.exe;LegalCopyright=Escola Internacional da Rosacruz Áurea;LegalTrademarks=Escola Internacional da Rosacruz Áurea;OriginalFilename=gsec.exe;ProductName=Cosmos Gestor de Secretarias;ProductVersion=3.0;Comments=O Cosmos Gestor de Secretarias é utilizado pelas secretarias dos diversos campos de trabalho da Escola Internacional da Rosacruz Áurea.;SuiteName=Cosmos</VerInfo_Keys>
        <VerInfo_Locale>1033</VerInfo_Locale>
    </PropertyGroup>
    <PropertyGroup Condition="'$(Cfg_2)'!=''">
        <DCC_Define>DEBUG;$(DCC_Define)</DCC_Define>
    </PropertyGroup>
    <PropertyGroup Condition="'$(Cfg_2_Win32)'!=''">
        <VerInfo_Release>1</VerInfo_Release>
        <VerInfo_AutoGenVersion>false</VerInfo_AutoGenVersion>
        <UsePackages>true</UsePackages>
        <VerInfo_Build>1510</VerInfo_Build>
        <Icon_MainIcon>gsec_Icon4.ico</Icon_MainIcon>
        <VerInfo_MinorVer>5</VerInfo_MinorVer>
        <VerInfo_MajorVer>3</VerInfo_MajorVer>
        <VerInfo_Locale>1033</VerInfo_Locale>
        <VerInfo_Keys>CompanyName=Escola Internacional da Rosacruz Áurea;FileDescription=Cosmos Gestor de Secretarias - módulo cliente.;FileVersion=3.5.1.1510;InternalName=gsec.exe;LegalCopyright=Escola Internacional da Rosacruz Áurea;LegalTrademarks=Escola Internacional da Rosacruz Áurea;OriginalFilename=gsec.exe;ProductName=Cosmos Gestor de Secretarias;ProductVersion=3.5;Comments=O Cosmos Gestor de Secretarias é utilizado pelas secretarias do Lectorium Roscrucianum, Trabalho da Mocidade, Trabalho Público e Escola Interna dos diversos núcleos e centros da Escola Internacional da Rosacruz Áurea.;CopyrightNote=Todos os direitos reservados para a Escola Internacional da Rosacruz Áurea. O uso não autorizado deste aplicativo é proibido.</VerInfo_Keys>
    </PropertyGroup>
    <PropertyGroup Condition="'$(Cfg_2_Win64)'!=''">
        <VerInfo_Release>1</VerInfo_Release>
        <VerInfo_AutoGenVersion>false</VerInfo_AutoGenVersion>
        <VerInfo_Build>1510</VerInfo_Build>
        <VerInfo_MinorVer>5</VerInfo_MinorVer>
        <VerInfo_MajorVer>3</VerInfo_MajorVer>
        <Icon_MainIcon>gsec_Icon5.ico</Icon_MainIcon>
        <UsePackages>true</UsePackages>
        <VerInfo_Locale>1033</VerInfo_Locale>
        <VerInfo_Keys>CompanyName=Escola Internacional da Rosacruz Áurea;FileDescription=Cosmos Gestor de Secretarias;FileVersion=3.5.1.1510;InternalName=gsec.exe;LegalCopyright=Escola Internacional da Rosacruz Áurea;LegalTrademarks=Escola Internacional da Rosacruz Áurea;OriginalFilename=gsec.exe;ProductName=Cosmos Gestor de Secretarias;ProductVersion=3.5;Comments=Este aplicativo faz parte da suíte Cosmos e é destinado às tarefas das secretarias dos campos de trabalho da Escola Internacional da Rosacruz Áurea.;SuiteName=Cosmos</VerInfo_Keys>
    </PropertyGroup>
    <ItemGroup>
        <DelphiCompile Include="$(MainSource)">
            <MainSource>MainSource</MainSource>
        </DelphiCompile>
        <DCCReference Include="..\..\..\Arquivos Comuns\System\cosmos.system.messages.pas"/>
        <DCCReference Include="..\..\..\Arquivos Comuns\Tools\Windows Manager\cosmos.tools.winmanager.pas"/>
        <DCCReference Include="cosmos.secretarias.view.mainform.pas">
            <Form>FrmMainSecretarias</Form>
        </DCCReference>
        <DCCReference Include="..\..\..\Arquivos Comuns\Classes\Framework\Interfaces\Cosmos.Framework.Interfaces.DataAcess.pas"/>
        <DCCReference Include="..\..\..\Arquivos Comuns\Classes\Framework\Interfaces\Cosmos.Framework.Interfaces.Dialogs.pas"/>
        <DCCReference Include="..\..\..\Arquivos Comuns\Classes\Framework\Interfaces\Cosmos.Framework.Interfaces.Root.pas"/>
        <DCCReference Include="..\..\..\Arquivos Comuns\Classes\Framework\Interfaces\Cosmos.Framework.Interfaces.Utils.pas"/>
        <DCCReference Include="Connection\cosmos.secretarias.services.clientconnections.pas">
            <Form>DMCon</Form>
            <FormType>dfm</FormType>
            <DesignClass>TDataModule</DesignClass>
        </DCCReference>
        <None Include="gsec.todo"/>
        <BuildConfiguration Include="Debug">
            <Key>Cfg_2</Key>
            <CfgParent>Base</CfgParent>
        </BuildConfiguration>
        <BuildConfiguration Include="Base">
            <Key>Base</Key>
        </BuildConfiguration>
        <BuildConfiguration Include="Release">
            <Key>Cfg_1</Key>
            <CfgParent>Base</CfgParent>
        </BuildConfiguration>
    </ItemGroup>
    <Import Condition="Exists('$(BDS)\Bin\CodeGear.Delphi.Targets')" Project="$(BDS)\Bin\CodeGear.Delphi.Targets"/>
    <ProjectExtensions>
        <Borland.Personality>Delphi.Personality.12</Borland.Personality>
        <Borland.ProjectType/>
        <BorlandProject>
            <Delphi.Personality>
                <Source>
                    <Source Name="MainSource">gsec.dpr</Source>
                </Source>
                <Parameters>
                    <Parameters Name="UseLauncher">False</Parameters>
                    <Parameters Name="LoadAllSymbols">True</Parameters>
                    <Parameters Name="LoadUnspecifiedSymbols">False</Parameters>
                </Parameters>
                <VersionInfo>
                    <VersionInfo Name="IncludeVerInfo">True</VersionInfo>
                    <VersionInfo Name="AutoIncBuild">True</VersionInfo>
                    <VersionInfo Name="MajorVer">1</VersionInfo>
                    <VersionInfo Name="MinorVer">6</VersionInfo>
                    <VersionInfo Name="Release">0</VersionInfo>
                    <VersionInfo Name="Build">1447</VersionInfo>
                    <VersionInfo Name="Debug">False</VersionInfo>
                    <VersionInfo Name="PreRelease">False</VersionInfo>
                    <VersionInfo Name="Special">False</VersionInfo>
                    <VersionInfo Name="Private">False</VersionInfo>
                    <VersionInfo Name="DLL">False</VersionInfo>
                    <VersionInfo Name="Locale">1046</VersionInfo>
                    <VersionInfo Name="CodePage">1252</VersionInfo>
                </VersionInfo>
                <VersionInfoKeys>
                    <VersionInfoKeys Name="CompanyName">Escola Internacional da Rosacruz Áurea</VersionInfoKeys>
                    <VersionInfoKeys Name="FileDescription">Cosmos Gestor de Secretarias</VersionInfoKeys>
                    <VersionInfoKeys Name="FileVersion">1.6.0.1447</VersionInfoKeys>
                    <VersionInfoKeys Name="InternalName">gsec</VersionInfoKeys>
                    <VersionInfoKeys Name="LegalCopyright">Escola Internacional da Rosacruz Áurea</VersionInfoKeys>
                    <VersionInfoKeys Name="LegalTrademarks">Escola Internacional da Rosacruz Áurea</VersionInfoKeys>
                    <VersionInfoKeys Name="OriginalFilename">gsec.exe</VersionInfoKeys>
                    <VersionInfoKeys Name="ProductName">Cosmos Gestor de Secretarias</VersionInfoKeys>
                    <VersionInfoKeys Name="ProductVersion">1.0.0.0</VersionInfoKeys>
                    <VersionInfoKeys Name="Comments">Este aplicativo visa gerir as atividades das secretarias dos campos de trabalho da Escola Internacional da Rosacruz Áurea.</VersionInfoKeys>
                    <VersionInfoKeys Name="SuiteName">Cosmos</VersionInfoKeys>
                </VersionInfoKeys>
                <Excluded_Packages>
                    <Excluded_Packages Name="$(BDSBIN)\bcboffice2k210.bpl">Embarcadero C++Builder Office 2000 Servers Package</Excluded_Packages>
                    <Excluded_Packages Name="$(BDSBIN)\dcloffice2k210.bpl">Microsoft Office 2000 Sample Automation Server Wrapper Components</Excluded_Packages>
                    <Excluded_Packages Name="$(BDSBIN)\dclofficexp210.bpl">Microsoft Office XP Sample Automation Server Wrapper Components</Excluded_Packages>
                </Excluded_Packages>
                <DebugSysEnvironmentVariables>
                    <DebugSysEnvironmentVariables Name="ALLUSERSPROFILE">&apos;C:\ProgramData&apos;</DebugSysEnvironmentVariables>
                    <DebugSysEnvironmentVariables Name="APPDATA">&apos;C:\Users\Marcelo\AppData\Roaming&apos;</DebugSysEnvironmentVariables>
                    <DebugSysEnvironmentVariables Name="BDS">&apos;c:\program files\embarcadero\rad studio\7.0&apos;</DebugSysEnvironmentVariables>
                    <DebugSysEnvironmentVariables Name="BDSAppDataBaseDir">&apos;BDS&apos;</DebugSysEnvironmentVariables>
                    <DebugSysEnvironmentVariables Name="BDSCOMMONDIR">&apos;C:\Users\Public\Documents\RAD Studio\7.0&apos;</DebugSysEnvironmentVariables>
                    <DebugSysEnvironmentVariables Name="BDSPROJECTSDIR">&apos;C:\Users\Marcelo\Documents\RAD Studio\Projects&apos;</DebugSysEnvironmentVariables>
                    <DebugSysEnvironmentVariables Name="BDSUSERDIR">&apos;C:\Users\Marcelo\Documents\RAD Studio\7.0&apos;</DebugSysEnvironmentVariables>
                    <DebugSysEnvironmentVariables Name="CG_BOOST_ROOT">&apos;C:\Program Files\Embarcadero\RAD Studio\7.0\include\boost_1_39&apos;</DebugSysEnvironmentVariables>
                    <DebugSysEnvironmentVariables Name="CommonProgramFiles">&apos;C:\Program Files\Common Files&apos;</DebugSysEnvironmentVariables>
                    <DebugSysEnvironmentVariables Name="COMPUTERNAME">&apos;MARCELO-PC&apos;</DebugSysEnvironmentVariables>
                    <DebugSysEnvironmentVariables Name="ComSpec">&apos;C:\Windows\system32\cmd.exe&apos;</DebugSysEnvironmentVariables>
                    <DebugSysEnvironmentVariables Name="COSMOSAPPLIB">&apos;D:\Marcelo\Projeto Cosmos\Fontes\Delphi\Bibliotecas&apos;</DebugSysEnvironmentVariables>
                    <DebugSysEnvironmentVariables Name="COSMOSAPPSOURCE">&apos;D:\Marcelo\Projeto Cosmos\Fontes&apos;</DebugSysEnvironmentVariables>
                    <DebugSysEnvironmentVariables Name="DELPHI">&apos;c:\program files\embarcadero\rad studio\7.0&apos;</DebugSysEnvironmentVariables>
                    <DebugSysEnvironmentVariables Name="FP_NO_HOST_CHECK">&apos;NO&apos;</DebugSysEnvironmentVariables>
                    <DebugSysEnvironmentVariables Name="HOMEDRIVE">&apos;C:&apos;</DebugSysEnvironmentVariables>
                    <DebugSysEnvironmentVariables Name="HOMEPATH">&apos;\Users\Marcelo&apos;</DebugSysEnvironmentVariables>
                    <DebugSysEnvironmentVariables Name="LOCALAPPDATA">&apos;C:\Users\Marcelo\AppData\Local&apos;</DebugSysEnvironmentVariables>
                    <DebugSysEnvironmentVariables Name="LOGONSERVER">&apos;\\MARCELO-PC&apos;</DebugSysEnvironmentVariables>
                    <DebugSysEnvironmentVariables Name="MYCOMPS">&apos;D:\Marcelo\Delphi\Componentes&apos;</DebugSysEnvironmentVariables>
                    <DebugSysEnvironmentVariables Name="NUMBER_OF_PROCESSORS">&apos;2&apos;</DebugSysEnvironmentVariables>
                    <DebugSysEnvironmentVariables Name="OS">&apos;Windows_NT&apos;</DebugSysEnvironmentVariables>
                    <DebugSysEnvironmentVariables Name="Path">&apos;C:\Program Files\PC Connectivity Solution\;C:\Program Files\Embarcadero\RAD Studio\7.0\bin;C:\Users\Public\Documents\RAD Studio\7.0\Bpl;C:\Windows\system32;C:\Windows;C:\Windows\System32\Wbem;C:\Windows\System32\WindowsPowerShell\v1.0\;;C:\Program Files\EldoS\SecureBlackbox\Packages&apos;</DebugSysEnvironmentVariables>
                    <DebugSysEnvironmentVariables Name="PATHEXT">&apos;.COM;.EXE;.BAT;.CMD;.VBS;.VBE;.JS;.JSE;.WSF;.WSH;.MSC&apos;</DebugSysEnvironmentVariables>
                    <DebugSysEnvironmentVariables Name="PROCESSOR_ARCHITECTURE">&apos;x86&apos;</DebugSysEnvironmentVariables>
                    <DebugSysEnvironmentVariables Name="PROCESSOR_IDENTIFIER">&apos;x86 Family 6 Model 23 Stepping 10, GenuineIntel&apos;</DebugSysEnvironmentVariables>
                    <DebugSysEnvironmentVariables Name="PROCESSOR_LEVEL">&apos;6&apos;</DebugSysEnvironmentVariables>
                    <DebugSysEnvironmentVariables Name="PROCESSOR_REVISION">&apos;170a&apos;</DebugSysEnvironmentVariables>
                    <DebugSysEnvironmentVariables Name="ProgramData">&apos;C:\ProgramData&apos;</DebugSysEnvironmentVariables>
                    <DebugSysEnvironmentVariables Name="ProgramFiles">&apos;C:\Program Files&apos;</DebugSysEnvironmentVariables>
                    <DebugSysEnvironmentVariables Name="PSModulePath">&apos;C:\Windows\system32\WindowsPowerShell\v1.0\Modules\&apos;</DebugSysEnvironmentVariables>
                    <DebugSysEnvironmentVariables Name="PUBLIC">&apos;C:\Users\Public&apos;</DebugSysEnvironmentVariables>
                    <DebugSysEnvironmentVariables Name="SESSIONNAME">&apos;Console&apos;</DebugSysEnvironmentVariables>
                    <DebugSysEnvironmentVariables Name="SystemDrive">&apos;C:&apos;</DebugSysEnvironmentVariables>
                    <DebugSysEnvironmentVariables Name="SystemRoot">&apos;C:\Windows&apos;</DebugSysEnvironmentVariables>
                    <DebugSysEnvironmentVariables Name="TEMP">&apos;C:\Users\Marcelo\AppData\Local\Temp&apos;</DebugSysEnvironmentVariables>
                    <DebugSysEnvironmentVariables Name="TMP">&apos;C:\Users\Marcelo\AppData\Local\Temp&apos;</DebugSysEnvironmentVariables>
                    <DebugSysEnvironmentVariables Name="USERDOMAIN">&apos;MARCELO-PC&apos;</DebugSysEnvironmentVariables>
                    <DebugSysEnvironmentVariables Name="USERNAME">&apos;Marcelo&apos;</DebugSysEnvironmentVariables>
                    <DebugSysEnvironmentVariables Name="USERPROFILE">&apos;C:\Users\Marcelo&apos;</DebugSysEnvironmentVariables>
                    <DebugSysEnvironmentVariables Name="windir">&apos;C:\Windows&apos;</DebugSysEnvironmentVariables>
                </DebugSysEnvironmentVariables>
            </Delphi.Personality>
            <Platforms>
                <Platform value="Win32">True</Platform>
                <Platform value="Win64">True</Platform>
            </Platforms>
            <ModelSupport>False</ModelSupport>
            <Deployment>
                <DeployFile LocalName="cmgui.bpl" Configuration="Debug" Class="DependencyPackage">
                    <Platform Name="Win32">
                        <Overwrite>true</Overwrite>
                    </Platform>
                </DeployFile>
                <DeployFile LocalName="$(BDS)\Redist\Win32\dsnapcon160.bpl" Configuration="Debug" Class="DependencyPackage">
                    <Platform Name="Win32">
                        <Overwrite>true</Overwrite>
                    </Platform>
                </DeployFile>
                <DeployFile LocalName="corelib.bpl" Configuration="Debug" Class="DependencyPackage">
                    <Platform Name="Win32">
                        <Overwrite>true</Overwrite>
                    </Platform>
                </DeployFile>
                <DeployFile LocalName="interfaces.bpl" Configuration="Debug" Class="DependencyPackage">
                    <Platform Name="Win32">
                        <Overwrite>true</Overwrite>
                    </Platform>
                </DeployFile>
                <DeployFile LocalName="$(BDS)\Redist\Win32\dbrtl160.bpl" Configuration="Debug" Class="DependencyPackage">
                    <Platform Name="Win32">
                        <Overwrite>true</Overwrite>
                    </Platform>
                </DeployFile>
                <DeployFile LocalName="dockedform.bpl" Configuration="Debug" Class="DependencyPackage">
                    <Platform Name="Win32">
                        <Overwrite>true</Overwrite>
                    </Platform>
                </DeployFile>
                <DeployFile LocalName="shellib.bpl" Configuration="Debug" Class="DependencyPackage">
                    <Platform Name="Win32">
                        <Overwrite>true</Overwrite>
                    </Platform>
                </DeployFile>
                <DeployFile LocalName="seccon.bpl" Configuration="Debug" Class="DependencyPackage">
                    <Platform Name="Win32">
                        <Overwrite>true</Overwrite>
                    </Platform>
                </DeployFile>
                <DeployFile LocalName="..\..\..\..\Bin\Win32\gsec.rsm" Configuration="Debug" Class="DebugSymbols">
                    <Platform Name="Win32">
                        <RemoteName>gsec.rsm</RemoteName>
                        <Overwrite>true</Overwrite>
                    </Platform>
                </DeployFile>
                <DeployFile LocalName="$(BDSCOMMONDIR)\Bpl\eventslogs.bpl" Configuration="Debug" Class="DependencyPackage">
                    <Platform Name="Win32">
                        <Overwrite>true</Overwrite>
                    </Platform>
                </DeployFile>
                <DeployFile LocalName="$(BDSCOMMONDIR)\Bpl\ActnManXPStyleEx100.bpl" Configuration="Debug" Class="DependencyPackage">
                    <Platform Name="Win32">
                        <Overwrite>true</Overwrite>
                    </Platform>
                </DeployFile>
                <DeployFile LocalName="cmpersist.bpl" Configuration="Debug" Class="DependencyPackage">
                    <Platform Name="Win32">
                        <Overwrite>true</Overwrite>
                    </Platform>
                </DeployFile>
                <DeployFile LocalName="secmod.bpl" Configuration="Debug" Class="DependencyPackage">
                    <Platform Name="Win32">
                        <Overwrite>true</Overwrite>
                    </Platform>
                </DeployFile>
                <DeployFile LocalName="$(BDS)\Redist\Win32\vcldb160.bpl" Configuration="Debug" Class="DependencyPackage">
                    <Platform Name="Win32">
                        <Overwrite>true</Overwrite>
                    </Platform>
                </DeployFile>
                <DeployFile LocalName="$(BDS)\Redist\Win32\xmlrtl160.bpl" Configuration="Debug" Class="DependencyPackage">
                    <Platform Name="Win32">
                        <Overwrite>true</Overwrite>
                    </Platform>
                </DeployFile>
                <DeployFile LocalName="$(BDS)\Redist\Win32\vclribbon160.bpl" Configuration="Debug" Class="DependencyPackage">
                    <Platform Name="Win32">
                        <Overwrite>true</Overwrite>
                    </Platform>
                </DeployFile>
                <DeployFile LocalName="$(BDS)\Redist\Win32\inet160.bpl" Configuration="Debug" Class="DependencyPackage">
                    <Platform Name="Win32">
                        <Overwrite>true</Overwrite>
                    </Platform>
                </DeployFile>
                <DeployFile LocalName="cmcon.bpl" Configuration="Debug" Class="DependencyPackage">
                    <Platform Name="Win32">
                        <Overwrite>true</Overwrite>
                    </Platform>
                </DeployFile>
                <DeployFile LocalName="dlgmessage.bpl" Configuration="Debug" Class="DependencyPackage">
                    <Platform Name="Win32">
                        <Overwrite>true</Overwrite>
                    </Platform>
                </DeployFile>
                <DeployFile LocalName="$(BDSCOMMONDIR)\Bpl\cmlib.bpl" Configuration="Debug" Class="DependencyPackage">
                    <Platform Name="Win32">
                        <Overwrite>true</Overwrite>
                    </Platform>
                </DeployFile>
                <DeployFile LocalName="$(BDS)\Redist\Win32\soaprtl160.bpl" Configuration="Debug" Class="DependencyPackage">
                    <Platform Name="Win32">
                        <Overwrite>true</Overwrite>
                    </Platform>
                </DeployFile>
                <DeployFile LocalName="$(BDS)\Redist\Win32\vclx160.bpl" Configuration="Debug" Class="DependencyPackage">
                    <Platform Name="Win32">
                        <Overwrite>true</Overwrite>
                    </Platform>
                </DeployFile>
                <DeployFile LocalName="$(BDS)\Redist\Win32\vcl160.bpl" Configuration="Debug" Class="DependencyPackage">
                    <Platform Name="Win32">
                        <Overwrite>true</Overwrite>
                    </Platform>
                </DeployFile>
                <DeployFile LocalName="$(BDS)\Redist\Win32\vclactnband160.bpl" Configuration="Debug" Class="DependencyPackage">
                    <Platform Name="Win32">
                        <Overwrite>true</Overwrite>
                    </Platform>
                </DeployFile>
                <DeployFile LocalName="..\..\..\..\Bin\Win32\gsec.exe" Configuration="Debug" Class="ProjectOutput">
                    <Platform Name="Win32">
                        <Overwrite>true</Overwrite>
                    </Platform>
                </DeployFile>
                <DeployFile LocalName="$(BDS)\Redist\Win32\dsnap160.bpl" Configuration="Debug" Class="DependencyPackage">
                    <Platform Name="Win32">
                        <Overwrite>true</Overwrite>
                    </Platform>
                </DeployFile>
                <DeployFile LocalName="$(BDS)\Redist\Win32\rtl160.bpl" Configuration="Debug" Class="DependencyPackage">
                    <Platform Name="Win32">
                        <Overwrite>true</Overwrite>
                    </Platform>
                </DeployFile>
                <DeployFile LocalName="wmanager.bpl" Configuration="Debug" Class="DependencyPackage">
                    <Platform Name="Win32">
                        <Overwrite>true</Overwrite>
                    </Platform>
                </DeployFile>
                <DeployFile LocalName="logwrt.bpl" Configuration="Debug" Class="DependencyPackage">
                    <Platform Name="Win32">
                        <Overwrite>true</Overwrite>
                    </Platform>
                </DeployFile>
                <DeployClass Required="true" Name="DependencyPackage">
                    <Platform Name="iOSDevice">
                        <Operation>1</Operation>
                        <Extensions>.dylib</Extensions>
                    </Platform>
                    <Platform Name="Win32">
                        <Operation>0</Operation>
                        <Extensions>.bpl</Extensions>
                    </Platform>
                    <Platform Name="OSX32">
                        <RemoteDir>Contents\MacOS</RemoteDir>
                        <Operation>1</Operation>
                        <Extensions>.dylib</Extensions>
                    </Platform>
                    <Platform Name="iOSSimulator">
                        <Operation>1</Operation>
                        <Extensions>.dylib</Extensions>
                    </Platform>
                </DeployClass>
                <DeployClass Name="DependencyModule">
                    <Platform Name="iOSDevice">
                        <Operation>1</Operation>
                        <Extensions>.dylib</Extensions>
                    </Platform>
                    <Platform Name="Win32">
                        <Operation>0</Operation>
                        <Extensions>.dll;.bpl</Extensions>
                    </Platform>
                    <Platform Name="OSX32">
                        <RemoteDir>Contents\MacOS</RemoteDir>
                        <Operation>1</Operation>
                        <Extensions>.dylib</Extensions>
                    </Platform>
                    <Platform Name="iOSSimulator">
                        <Operation>1</Operation>
                        <Extensions>.dylib</Extensions>
                    </Platform>
                </DeployClass>
                <DeployClass Name="ProjectOSXInfoPList">
                    <Platform Name="OSX32">
                        <RemoteDir>Contents</RemoteDir>
                        <Operation>1</Operation>
                    </Platform>
                </DeployClass>
                <DeployClass Name="iPad_Launch2048">
                    <Platform Name="iOSDevice">
                        <Operation>1</Operation>
                    </Platform>
                    <Platform Name="iOSSimulator">
                        <Operation>1</Operation>
                    </Platform>
                </DeployClass>
                <DeployClass Name="ProjectiOSDeviceDebug">
                    <Platform Name="iOSDevice">
                        <RemoteDir>..\$(PROJECTNAME).app.dSYM\Contents\Resources\DWARF</RemoteDir>
                        <Operation>1</Operation>
                    </Platform>
                </DeployClass>
                <DeployClass Name="Android_SplashImage470">
                    <Platform Name="Android">
                        <RemoteDir>res\drawable-normal</RemoteDir>
                        <Operation>1</Operation>
                    </Platform>
                </DeployClass>
                <DeployClass Name="AndroidLibnativeX86File">
                    <Platform Name="Android">
                        <RemoteDir>library\lib\x86</RemoteDir>
                        <Operation>1</Operation>
                    </Platform>
                </DeployClass>
                <DeployClass Name="ProjectiOSResource">
                    <Platform Name="iOSDevice">
                        <Operation>1</Operation>
                    </Platform>
                    <Platform Name="iOSSimulator">
                        <Operation>1</Operation>
                    </Platform>
                </DeployClass>
                <DeployClass Name="ProjectOSXEntitlements">
                    <Platform Name="OSX32">
                        <RemoteDir>Contents</RemoteDir>
                        <Operation>1</Operation>
                    </Platform>
                </DeployClass>
                <DeployClass Name="AndroidGDBServer">
                    <Platform Name="Android">
                        <RemoteDir>library\lib\armeabi-v7a</RemoteDir>
                        <Operation>1</Operation>
                    </Platform>
                </DeployClass>
                <DeployClass Name="iPhone_Launch640">
                    <Platform Name="iOSDevice">
                        <Operation>1</Operation>
                    </Platform>
                    <Platform Name="iOSSimulator">
                        <Operation>1</Operation>
                    </Platform>
                </DeployClass>
                <DeployClass Name="Android_SplashImage960">
                    <Platform Name="Android">
                        <RemoteDir>res\drawable-xlarge</RemoteDir>
                        <Operation>1</Operation>
                    </Platform>
                </DeployClass>
                <DeployClass Name="Android_LauncherIcon96">
                    <Platform Name="Android">
                        <RemoteDir>res\drawable-xhdpi</RemoteDir>
                        <Operation>1</Operation>
                    </Platform>
                </DeployClass>
                <DeployClass Name="iPhone_Launch320">
                    <Platform Name="iOSDevice">
                        <Operation>1</Operation>
                    </Platform>
                    <Platform Name="iOSSimulator">
                        <Operation>1</Operation>
                    </Platform>
                </DeployClass>
                <DeployClass Name="Android_LauncherIcon144">
                    <Platform Name="Android">
                        <RemoteDir>res\drawable-xxhdpi</RemoteDir>
                        <Operation>1</Operation>
                    </Platform>
                </DeployClass>
                <DeployClass Name="AndroidLibnativeMipsFile">
                    <Platform Name="Android">
                        <RemoteDir>library\lib\mips</RemoteDir>
                        <Operation>1</Operation>
                    </Platform>
                </DeployClass>
                <DeployClass Name="AndroidSplashImageDef">
                    <Platform Name="Android">
                        <RemoteDir>res\drawable</RemoteDir>
                        <Operation>1</Operation>
                    </Platform>
                </DeployClass>
                <DeployClass Name="DebugSymbols">
                    <Platform Name="OSX32">
                        <RemoteDir>Contents\MacOS</RemoteDir>
                        <Operation>1</Operation>
                    </Platform>
                    <Platform Name="iOSSimulator">
                        <Operation>1</Operation>
                    </Platform>
                    <Platform Name="Win32">
                        <Operation>0</Operation>
                    </Platform>
                </DeployClass>
                <DeployClass Name="DependencyFramework">
                    <Platform Name="OSX32">
                        <RemoteDir>Contents\MacOS</RemoteDir>
                        <Operation>1</Operation>
                        <Extensions>.framework</Extensions>
                    </Platform>
                    <Platform Name="Win32">
                        <Operation>0</Operation>
                    </Platform>
                </DeployClass>
                <DeployClass Name="Android_SplashImage426">
                    <Platform Name="Android">
                        <RemoteDir>res\drawable-small</RemoteDir>
                        <Operation>1</Operation>
                    </Platform>
                </DeployClass>
                <DeployClass Name="ProjectiOSEntitlements">
                    <Platform Name="iOSDevice">
                        <Operation>1</Operation>
                    </Platform>
                </DeployClass>
                <DeployClass Name="AdditionalDebugSymbols">
                    <Platform Name="OSX32">
                        <RemoteDir>Contents\MacOS</RemoteDir>
                        <Operation>1</Operation>
                    </Platform>
                    <Platform Name="iOSSimulator">
                        <Operation>1</Operation>
                    </Platform>
                    <Platform Name="Win32">
                        <RemoteDir>Contents\MacOS</RemoteDir>
                        <Operation>0</Operation>
                    </Platform>
                </DeployClass>
                <DeployClass Name="AndroidClassesDexFile">
                    <Platform Name="Android">
                        <RemoteDir>classes</RemoteDir>
                        <Operation>1</Operation>
                    </Platform>
                </DeployClass>
                <DeployClass Name="ProjectiOSInfoPList">
                    <Platform Name="iOSDevice">
                        <Operation>1</Operation>
                    </Platform>
                    <Platform Name="iOSSimulator">
                        <Operation>1</Operation>
                    </Platform>
                </DeployClass>
                <DeployClass Name="iPad_Launch1024">
                    <Platform Name="iOSDevice">
                        <Operation>1</Operation>
                    </Platform>
                    <Platform Name="iOSSimulator">
                        <Operation>1</Operation>
                    </Platform>
                </DeployClass>
                <DeployClass Name="Android_DefaultAppIcon">
                    <Platform Name="Android">
                        <RemoteDir>res\drawable</RemoteDir>
                        <Operation>1</Operation>
                    </Platform>
                </DeployClass>
                <DeployClass Name="ProjectOSXResource">
                    <Platform Name="OSX32">
                        <RemoteDir>Contents\Resources</RemoteDir>
                        <Operation>1</Operation>
                    </Platform>
                </DeployClass>
                <DeployClass Name="ProjectiOSDeviceResourceRules">
                    <Platform Name="iOSDevice">
                        <Operation>1</Operation>
                    </Platform>
                </DeployClass>
                <DeployClass Name="iPad_Launch768">
                    <Platform Name="iOSDevice">
                        <Operation>1</Operation>
                    </Platform>
                    <Platform Name="iOSSimulator">
                        <Operation>1</Operation>
                    </Platform>
                </DeployClass>
                <DeployClass Required="true" Name="ProjectOutput">
                    <Platform Name="iOSDevice">
                        <Operation>1</Operation>
                    </Platform>
                    <Platform Name="Android">
                        <RemoteDir>library\lib\armeabi-v7a</RemoteDir>
                        <Operation>1</Operation>
                    </Platform>
                    <Platform Name="Win32">
                        <Operation>0</Operation>
                    </Platform>
                    <Platform Name="OSX32">
                        <RemoteDir>Contents\MacOS</RemoteDir>
                        <Operation>1</Operation>
                    </Platform>
                    <Platform Name="iOSSimulator">
                        <Operation>1</Operation>
                    </Platform>
                </DeployClass>
                <DeployClass Name="AndroidLibnativeArmeabiFile">
                    <Platform Name="Android">
                        <RemoteDir>library\lib\armeabi</RemoteDir>
                        <Operation>1</Operation>
                    </Platform>
                </DeployClass>
                <DeployClass Name="Android_SplashImage640">
                    <Platform Name="Android">
                        <RemoteDir>res\drawable-large</RemoteDir>
                        <Operation>1</Operation>
                    </Platform>
                </DeployClass>
                <DeployClass Name="File">
                    <Platform Name="iOSDevice">
                        <Operation>0</Operation>
                    </Platform>
                    <Platform Name="Android">
                        <Operation>0</Operation>
                    </Platform>
                    <Platform Name="Win32">
                        <Operation>0</Operation>
                    </Platform>
                    <Platform Name="OSX32">
                        <RemoteDir>Contents\MacOS</RemoteDir>
                        <Operation>0</Operation>
                    </Platform>
                    <Platform Name="iOSSimulator">
                        <Operation>0</Operation>
                    </Platform>
                </DeployClass>
                <DeployClass Name="iPhone_Launch640x1136">
                    <Platform Name="iOSDevice">
                        <Operation>1</Operation>
                    </Platform>
                    <Platform Name="iOSSimulator">
                        <Operation>1</Operation>
                    </Platform>
                </DeployClass>
                <DeployClass Name="Android_LauncherIcon36">
                    <Platform Name="Android">
                        <RemoteDir>res\drawable-ldpi</RemoteDir>
                        <Operation>1</Operation>
                    </Platform>
                </DeployClass>
                <DeployClass Name="AndroidSplashStyles">
                    <Platform Name="Android">
                        <RemoteDir>res\values</RemoteDir>
                        <Operation>1</Operation>
                    </Platform>
                </DeployClass>
                <DeployClass Name="iPad_Launch1536">
                    <Platform Name="iOSDevice">
                        <Operation>1</Operation>
                    </Platform>
                    <Platform Name="iOSSimulator">
                        <Operation>1</Operation>
                    </Platform>
                </DeployClass>
                <DeployClass Name="Android_LauncherIcon48">
                    <Platform Name="Android">
                        <RemoteDir>res\drawable-mdpi</RemoteDir>
                        <Operation>1</Operation>
                    </Platform>
                </DeployClass>
                <DeployClass Name="Android_LauncherIcon72">
                    <Platform Name="Android">
                        <RemoteDir>res\drawable-hdpi</RemoteDir>
                        <Operation>1</Operation>
                    </Platform>
                </DeployClass>
                <DeployClass Name="ProjectAndroidManifest">
                    <Platform Name="Android">
                        <Operation>1</Operation>
                    </Platform>
                </DeployClass>
                <ProjectRoot Platform="Android" Name="$(PROJECTNAME)"/>
                <ProjectRoot Platform="iOSDevice" Name="$(PROJECTNAME).app"/>
                <ProjectRoot Platform="Win32" Name="$(PROJECTNAME)"/>
                <ProjectRoot Platform="OSX32" Name="$(PROJECTNAME).app"/>
                <ProjectRoot Platform="Win64" Name="$(PROJECTNAME)"/>
                <ProjectRoot Platform="iOSSimulator" Name="$(PROJECTNAME).app"/>
            </Deployment>
        </BorlandProject>
        <ProjectFileVersion>12</ProjectFileVersion>
    </ProjectExtensions>
    <Import Condition="Exists('$(APPDATA)\Embarcadero\$(BDSAPPDATABASEDIR)\$(PRODUCTVERSION)\UserTools.proj')" Project="$(APPDATA)\Embarcadero\$(BDSAPPDATABASEDIR)\$(PRODUCTVERSION)\UserTools.proj"/>
    <Import Condition="Exists('$(MSBuildProjectName).deployproj')" Project="$(MSBuildProjectName).deployproj"/>
</Project>
